// !$*UTF8*$!
{
	archiveVersion = 1;
	classes = {
	};
	objectVersion = 50;
	objects = {

/* Begin PBXBuildFile section */
		DB148A5D25B7CC7600E1F19F /* AppDelegate.swift in Sources */ = {isa = PBXBuildFile; fileRef = DB148A5C25B7CC7600E1F19F /* AppDelegate.swift */; };
		DB148A5F25B7CC7600E1F19F /* ViewController.swift in Sources */ = {isa = PBXBuildFile; fileRef = DB148A5E25B7CC7600E1F19F /* ViewController.swift */; };
		DB148A6125B7CC7600E1F19F /* Assets.xcassets in Resources */ = {isa = PBXBuildFile; fileRef = DB148A6025B7CC7600E1F19F /* Assets.xcassets */; };
		DB148A6425B7CC7600E1F19F /* Main.storyboard in Resources */ = {isa = PBXBuildFile; fileRef = DB148A6225B7CC7600E1F19F /* Main.storyboard */; };
		DB148A7025B7CC7700E1F19F /* macappsbblinkerTests.swift in Sources */ = {isa = PBXBuildFile; fileRef = DB148A6F25B7CC7700E1F19F /* macappsbblinkerTests.swift */; };
		DB148A7B25B7CC7700E1F19F /* macappsbblinkerUITests.swift in Sources */ = {isa = PBXBuildFile; fileRef = DB148A7A25B7CC7700E1F19F /* macappsbblinkerUITests.swift */; };
/* End PBXBuildFile section */

/* Begin PBXContainerItemProxy section */
		DB148A6C25B7CC7700E1F19F /* PBXContainerItemProxy */ = {
			isa = PBXContainerItemProxy;
			containerPortal = DB148A5125B7CC7600E1F19F /* Project object */;
			proxyType = 1;
			remoteGlobalIDString = DB148A5825B7CC7600E1F19F;
			remoteInfo = macappsbblinker;
		};
		DB148A7725B7CC7700E1F19F /* PBXContainerItemProxy */ = {
			isa = PBXContainerItemProxy;
			containerPortal = DB148A5125B7CC7600E1F19F /* Project object */;
			proxyType = 1;
			remoteGlobalIDString = DB148A5825B7CC7600E1F19F;
			remoteInfo = macappsbblinker;
		};
/* End PBXContainerItemProxy section */

/* Begin PBXFileReference section */
		DB148A5925B7CC7600E1F19F /* macappsbblinker.app */ = {isa = PBXFileReference; explicitFileType = wrapper.application; includeInIndex = 0; path = macappsbblinker.app; sourceTree = BUILT_PRODUCTS_DIR; };
		DB148A5C25B7CC7600E1F19F /* AppDelegate.swift */ = {isa = PBXFileReference; lastKnownFileType = sourcecode.swift; path = AppDelegate.swift; sourceTree = "<group>"; };
		DB148A5E25B7CC7600E1F19F /* ViewController.swift */ = {isa = PBXFileReference; lastKnownFileType = sourcecode.swift; path = ViewController.swift; sourceTree = "<group>"; };
		DB148A6025B7CC7600E1F19F /* Assets.xcassets */ = {isa = PBXFileReference; lastKnownFileType = folder.assetcatalog; path = Assets.xcassets; sourceTree = "<group>"; };
		DB148A6325B7CC7600E1F19F /* Base */ = {isa = PBXFileReference; lastKnownFileType = file.storyboard; name = Base; path = Base.lproj/Main.storyboard; sourceTree = "<group>"; };
		DB148A6525B7CC7600E1F19F /* Info.plist */ = {isa = PBXFileReference; lastKnownFileType = text.plist.xml; path = Info.plist; sourceTree = "<group>"; };
		DB148A6625B7CC7600E1F19F /* macappsbblinker.entitlements */ = {isa = PBXFileReference; lastKnownFileType = text.plist.entitlements; path = macappsbblinker.entitlements; sourceTree = "<group>"; };
		DB148A6B25B7CC7700E1F19F /* macappsbblinkerTests.xctest */ = {isa = PBXFileReference; explicitFileType = wrapper.cfbundle; includeInIndex = 0; path = macappsbblinkerTests.xctest; sourceTree = BUILT_PRODUCTS_DIR; };
		DB148A6F25B7CC7700E1F19F /* macappsbblinkerTests.swift */ = {isa = PBXFileReference; lastKnownFileType = sourcecode.swift; path = macappsbblinkerTests.swift; sourceTree = "<group>"; };
		DB148A7125B7CC7700E1F19F /* Info.plist */ = {isa = PBXFileReference; lastKnownFileType = text.plist.xml; path = Info.plist; sourceTree = "<group>"; };
		DB148A7625B7CC7700E1F19F /* macappsbblinkerUITests.xctest */ = {isa = PBXFileReference; explicitFileType = wrapper.cfbundle; includeInIndex = 0; path = macappsbblinkerUITests.xctest; sourceTree = BUILT_PRODUCTS_DIR; };
		DB148A7A25B7CC7700E1F19F /* macappsbblinkerUITests.swift */ = {isa = PBXFileReference; lastKnownFileType = sourcecode.swift; path = macappsbblinkerUITests.swift; sourceTree = "<group>"; };
		DB148A7C25B7CC7700E1F19F /* Info.plist */ = {isa = PBXFileReference; lastKnownFileType = text.plist.xml; path = Info.plist; sourceTree = "<group>"; };
/* End PBXFileReference section */

/* Begin PBXFrameworksBuildPhase section */
		DB148A5625B7CC7600E1F19F /* Frameworks */ = {
			isa = PBXFrameworksBuildPhase;
			buildActionMask = 2147483647;
			files = (
			);
			runOnlyForDeploymentPostprocessing = 0;
		};
		DB148A6825B7CC7700E1F19F /* Frameworks */ = {
			isa = PBXFrameworksBuildPhase;
			buildActionMask = 2147483647;
			files = (
			);
			runOnlyForDeploymentPostprocessing = 0;
		};
		DB148A7325B7CC7700E1F19F /* Frameworks */ = {
			isa = PBXFrameworksBuildPhase;
			buildActionMask = 2147483647;
			files = (
			);
			runOnlyForDeploymentPostprocessing = 0;
		};
/* End PBXFrameworksBuildPhase section */

/* Begin PBXGroup section */
		DB148A5025B7CC7600E1F19F = {
			isa = PBXGroup;
			children = (
				DB148A5B25B7CC7600E1F19F /* macappsbblinker */,
				DB148A6E25B7CC7700E1F19F /* macappsbblinkerTests */,
				DB148A7925B7CC7700E1F19F /* macappsbblinkerUITests */,
				DB148A5A25B7CC7600E1F19F /* Products */,
			);
			sourceTree = "<group>";
		};
		DB148A5A25B7CC7600E1F19F /* Products */ = {
			isa = PBXGroup;
			children = (
				DB148A5925B7CC7600E1F19F /* macappsbblinker.app */,
				DB148A6B25B7CC7700E1F19F /* macappsbblinkerTests.xctest */,
				DB148A7625B7CC7700E1F19F /* macappsbblinkerUITests.xctest */,
			);
			name = Products;
			sourceTree = "<group>";
		};
		DB148A5B25B7CC7600E1F19F /* macappsbblinker */ = {
			isa = PBXGroup;
			children = (
				DB148A5C25B7CC7600E1F19F /* AppDelegate.swift */,
				DB148A5E25B7CC7600E1F19F /* ViewController.swift */,
				DB148A6025B7CC7600E1F19F /* Assets.xcassets */,
				DB148A6225B7CC7600E1F19F /* Main.storyboard */,
				DB148A6525B7CC7600E1F19F /* Info.plist */,
				DB148A6625B7CC7600E1F19F /* macappsbblinker.entitlements */,
			);
			path = macappsbblinker;
			sourceTree = "<group>";
		};
		DB148A6E25B7CC7700E1F19F /* macappsbblinkerTests */ = {
			isa = PBXGroup;
			children = (
				DB148A6F25B7CC7700E1F19F /* macappsbblinkerTests.swift */,
				DB148A7125B7CC7700E1F19F /* Info.plist */,
			);
			path = macappsbblinkerTests;
			sourceTree = "<group>";
		};
		DB148A7925B7CC7700E1F19F /* macappsbblinkerUITests */ = {
			isa = PBXGroup;
			children = (
				DB148A7A25B7CC7700E1F19F /* macappsbblinkerUITests.swift */,
				DB148A7C25B7CC7700E1F19F /* Info.plist */,
			);
			path = macappsbblinkerUITests;
			sourceTree = "<group>";
		};
/* End PBXGroup section */

/* Begin PBXNativeTarget section */
		DB148A5825B7CC7600E1F19F /* macappsbblinker */ = {
			isa = PBXNativeTarget;
			buildConfigurationList = DB148A7F25B7CC7700E1F19F /* Build configuration list for PBXNativeTarget "macappsbblinker" */;
			buildPhases = (
				DB148A5525B7CC7600E1F19F /* Sources */,
				DB148A5625B7CC7600E1F19F /* Frameworks */,
				DB148A5725B7CC7600E1F19F /* Resources */,
			);
			buildRules = (
			);
			dependencies = (
			);
			name = macappsbblinker;
			productName = macappsbblinker;
			productReference = DB148A5925B7CC7600E1F19F /* macappsbblinker.app */;
			productType = "com.apple.product-type.application";
		};
		DB148A6A25B7CC7700E1F19F /* macappsbblinkerTests */ = {
			isa = PBXNativeTarget;
			buildConfigurationList = DB148A8225B7CC7700E1F19F /* Build configuration list for PBXNativeTarget "macappsbblinkerTests" */;
			buildPhases = (
				DB148A6725B7CC7700E1F19F /* Sources */,
				DB148A6825B7CC7700E1F19F /* Frameworks */,
				DB148A6925B7CC7700E1F19F /* Resources */,
			);
			buildRules = (
			);
			dependencies = (
				DB148A6D25B7CC7700E1F19F /* PBXTargetDependency */,
			);
			name = macappsbblinkerTests;
			productName = macappsbblinkerTests;
			productReference = DB148A6B25B7CC7700E1F19F /* macappsbblinkerTests.xctest */;
			productType = "com.apple.product-type.bundle.unit-test";
		};
		DB148A7525B7CC7700E1F19F /* macappsbblinkerUITests */ = {
			isa = PBXNativeTarget;
			buildConfigurationList = DB148A8525B7CC7700E1F19F /* Build configuration list for PBXNativeTarget "macappsbblinkerUITests" */;
			buildPhases = (
				DB148A7225B7CC7700E1F19F /* Sources */,
				DB148A7325B7CC7700E1F19F /* Frameworks */,
				DB148A7425B7CC7700E1F19F /* Resources */,
			);
			buildRules = (
			);
			dependencies = (
				DB148A7825B7CC7700E1F19F /* PBXTargetDependency */,
			);
			name = macappsbblinkerUITests;
			productName = macappsbblinkerUITests;
			productReference = DB148A7625B7CC7700E1F19F /* macappsbblinkerUITests.xctest */;
			productType = "com.apple.product-type.bundle.ui-testing";
		};
/* End PBXNativeTarget section */

/* Begin PBXProject section */
		DB148A5125B7CC7600E1F19F /* Project object */ = {
			isa = PBXProject;
			attributes = {
				LastSwiftUpdateCheck = 1230;
				LastUpgradeCheck = 1230;
				TargetAttributes = {
					DB148A5825B7CC7600E1F19F = {
						CreatedOnToolsVersion = 12.3;
					};
					DB148A6A25B7CC7700E1F19F = {
						CreatedOnToolsVersion = 12.3;
						TestTargetID = DB148A5825B7CC7600E1F19F;
					};
					DB148A7525B7CC7700E1F19F = {
						CreatedOnToolsVersion = 12.3;
						TestTargetID = DB148A5825B7CC7600E1F19F;
					};
				};
			};
			buildConfigurationList = DB148A5425B7CC7600E1F19F /* Build configuration list for PBXProject "macappsbblinker" */;
			compatibilityVersion = "Xcode 9.3";
			developmentRegion = en;
			hasScannedForEncodings = 0;
			knownRegions = (
				en,
				Base,
			);
			mainGroup = DB148A5025B7CC7600E1F19F;
			productRefGroup = DB148A5A25B7CC7600E1F19F /* Products */;
			projectDirPath = "";
			projectRoot = "";
			targets = (
				DB148A5825B7CC7600E1F19F /* macappsbblinker */,
				DB148A6A25B7CC7700E1F19F /* macappsbblinkerTests */,
				DB148A7525B7CC7700E1F19F /* macappsbblinkerUITests */,
			);
		};
/* End PBXProject section */

/* Begin PBXResourcesBuildPhase section */
		DB148A5725B7CC7600E1F19F /* Resources */ = {
			isa = PBXResourcesBuildPhase;
			buildActionMask = 2147483647;
			files = (
				DB148A6125B7CC7600E1F19F /* Assets.xcassets in Resources */,
				DB148A6425B7CC7600E1F19F /* Main.storyboard in Resources */,
			);
			runOnlyForDeploymentPostprocessing = 0;
		};
		DB148A6925B7CC7700E1F19F /* Resources */ = {
			isa = PBXResourcesBuildPhase;
			buildActionMask = 2147483647;
			files = (
			);
			runOnlyForDeploymentPostprocessing = 0;
		};
		DB148A7425B7CC7700E1F19F /* Resources */ = {
			isa = PBXResourcesBuildPhase;
			buildActionMask = 2147483647;
			files = (
			);
			runOnlyForDeploymentPostprocessing = 0;
		};
/* End PBXResourcesBuildPhase section */

/* Begin PBXSourcesBuildPhase section */
		DB148A5525B7CC7600E1F19F /* Sources */ = {
			isa = PBXSourcesBuildPhase;
			buildActionMask = 2147483647;
			files = (
				DB148A5F25B7CC7600E1F19F /* ViewController.swift in Sources */,
				DB148A5D25B7CC7600E1F19F /* AppDelegate.swift in Sources */,
			);
			runOnlyForDeploymentPostprocessing = 0;
		};
		DB148A6725B7CC7700E1F19F /* Sources */ = {
			isa = PBXSourcesBuildPhase;
			buildActionMask = 2147483647;
			files = (
				DB148A7025B7CC7700E1F19F /* macappsbblinkerTests.swift in Sources */,
			);
			runOnlyForDeploymentPostprocessing = 0;
		};
		DB148A7225B7CC7700E1F19F /* Sources */ = {
			isa = PBXSourcesBuildPhase;
			buildActionMask = 2147483647;
			files = (
				DB148A7B25B7CC7700E1F19F /* macappsbblinkerUITests.swift in Sources */,
			);
			runOnlyForDeploymentPostprocessing = 0;
		};
/* End PBXSourcesBuildPhase section */

/* Begin PBXTargetDependency section */
		DB148A6D25B7CC7700E1F19F /* PBXTargetDependency */ = {
			isa = PBXTargetDependency;
			target = DB148A5825B7CC7600E1F19F /* macappsbblinker */;
			targetProxy = DB148A6C25B7CC7700E1F19F /* PBXContainerItemProxy */;
		};
		DB148A7825B7CC7700E1F19F /* PBXTargetDependency */ = {
			isa = PBXTargetDependency;
			target = DB148A5825B7CC7600E1F19F /* macappsbblinker */;
			targetProxy = DB148A7725B7CC7700E1F19F /* PBXContainerItemProxy */;
		};
/* End PBXTargetDependency section */

/* Begin PBXVariantGroup section */
		DB148A6225B7CC7600E1F19F /* Main.storyboard */ = {
			isa = PBXVariantGroup;
			children = (
				DB148A6325B7CC7600E1F19F /* Base */,
			);
			name = Main.storyboard;
			sourceTree = "<group>";
		};
/* End PBXVariantGroup section */

/* Begin XCBuildConfiguration section */
		DB148A7D25B7CC7700E1F19F /* Debug */ = {
			isa = XCBuildConfiguration;
			buildSettings = {
				ALWAYS_SEARCH_USER_PATHS = NO;
				CLANG_ANALYZER_NONNULL = YES;
				CLANG_ANALYZER_NUMBER_OBJECT_CONVERSION = YES_AGGRESSIVE;
				CLANG_CXX_LANGUAGE_STANDARD = "gnu++14";
				CLANG_CXX_LIBRARY = "libc++";
				CLANG_ENABLE_MODULES = YES;
				CLANG_ENABLE_OBJC_ARC = YES;
				CLANG_ENABLE_OBJC_WEAK = YES;
				CLANG_WARN_BLOCK_CAPTURE_AUTORELEASING = YES;
				CLANG_WARN_BOOL_CONVERSION = YES;
				CLANG_WARN_COMMA = YES;
				CLANG_WARN_CONSTANT_CONVERSION = YES;
				CLANG_WARN_DEPRECATED_OBJC_IMPLEMENTATIONS = YES;
				CLANG_WARN_DIRECT_OBJC_ISA_USAGE = YES_ERROR;
				CLANG_WARN_DOCUMENTATION_COMMENTS = YES;
				CLANG_WARN_EMPTY_BODY = YES;
				CLANG_WARN_ENUM_CONVERSION = YES;
				CLANG_WARN_INFINITE_RECURSION = YES;
				CLANG_WARN_INT_CONVERSION = YES;
				CLANG_WARN_NON_LITERAL_NULL_CONVERSION = YES;
				CLANG_WARN_OBJC_IMPLICIT_RETAIN_SELF = YES;
				CLANG_WARN_OBJC_LITERAL_CONVERSION = YES;
				CLANG_WARN_OBJC_ROOT_CLASS = YES_ERROR;
				CLANG_WARN_QUOTED_INCLUDE_IN_FRAMEWORK_HEADER = YES;
				CLANG_WARN_RANGE_LOOP_ANALYSIS = YES;
				CLANG_WARN_STRICT_PROTOTYPES = YES;
				CLANG_WARN_SUSPICIOUS_MOVE = YES;
				CLANG_WARN_UNGUARDED_AVAILABILITY = YES_AGGRESSIVE;
				CLANG_WARN_UNREACHABLE_CODE = YES;
				CLANG_WARN__DUPLICATE_METHOD_MATCH = YES;
				COPY_PHASE_STRIP = NO;
				DEBUG_INFORMATION_FORMAT = dwarf;
				ENABLE_STRICT_OBJC_MSGSEND = YES;
				ENABLE_TESTABILITY = YES;
				GCC_C_LANGUAGE_STANDARD = gnu11;
				GCC_DYNAMIC_NO_PIC = NO;
				GCC_NO_COMMON_BLOCKS = YES;
				GCC_OPTIMIZATION_LEVEL = 0;
				GCC_PREPROCESSOR_DEFINITIONS = (
					"DEBUG=1",
					"$(inherited)",
				);
				GCC_WARN_64_TO_32_BIT_CONVERSION = YES;
				GCC_WARN_ABOUT_RETURN_TYPE = YES_ERROR;
				GCC_WARN_UNDECLARED_SELECTOR = YES;
				GCC_WARN_UNINITIALIZED_AUTOS = YES_AGGRESSIVE;
				GCC_WARN_UNUSED_FUNCTION = YES;
				GCC_WARN_UNUSED_VARIABLE = YES;
				MACOSX_DEPLOYMENT_TARGET = 10.15;
				MTL_ENABLE_DEBUG_INFO = INCLUDE_SOURCE;
				MTL_FAST_MATH = YES;
				ONLY_ACTIVE_ARCH = YES;
				SDKROOT = macosx;
				SWIFT_ACTIVE_COMPILATION_CONDITIONS = DEBUG;
				SWIFT_OPTIMIZATION_LEVEL = "-Onone";
			};
			name = Debug;
		};
		DB148A7E25B7CC7700E1F19F /* Release */ = {
			isa = XCBuildConfiguration;
			buildSettings = {
				ALWAYS_SEARCH_USER_PATHS = NO;
				CLANG_ANALYZER_NONNULL = YES;
				CLANG_ANALYZER_NUMBER_OBJECT_CONVERSION = YES_AGGRESSIVE;
				CLANG_CXX_LANGUAGE_STANDARD = "gnu++14";
				CLANG_CXX_LIBRARY = "libc++";
				CLANG_ENABLE_MODULES = YES;
				CLANG_ENABLE_OBJC_ARC = YES;
				CLANG_ENABLE_OBJC_WEAK = YES;
				CLANG_WARN_BLOCK_CAPTURE_AUTORELEASING = YES;
				CLANG_WARN_BOOL_CONVERSION = YES;
				CLANG_WARN_COMMA = YES;
				CLANG_WARN_CONSTANT_CONVERSION = YES;
				CLANG_WARN_DEPRECATED_OBJC_IMPLEMENTATIONS = YES;
				CLANG_WARN_DIRECT_OBJC_ISA_USAGE = YES_ERROR;
				CLANG_WARN_DOCUMENTATION_COMMENTS = YES;
				CLANG_WARN_EMPTY_BODY = YES;
				CLANG_WARN_ENUM_CONVERSION = YES;
				CLANG_WARN_INFINITE_RECURSION = YES;
				CLANG_WARN_INT_CONVERSION = YES;
				CLANG_WARN_NON_LITERAL_NULL_CONVERSION = YES;
				CLANG_WARN_OBJC_IMPLICIT_RETAIN_SELF = YES;
				CLANG_WARN_OBJC_LITERAL_CONVERSION = YES;
				CLANG_WARN_OBJC_ROOT_CLASS = YES_ERROR;
				CLANG_WARN_QUOTED_INCLUDE_IN_FRAMEWORK_HEADER = YES;
				CLANG_WARN_RANGE_LOOP_ANALYSIS = YES;
				CLANG_WARN_STRICT_PROTOTYPES = YES;
				CLANG_WARN_SUSPICIOUS_MOVE = YES;
				CLANG_WARN_UNGUARDED_AVAILABILITY = YES_AGGRESSIVE;
				CLANG_WARN_UNREACHABLE_CODE = YES;
				CLANG_WARN__DUPLICATE_METHOD_MATCH = YES;
				COPY_PHASE_STRIP = NO;
				DEBUG_INFORMATION_FORMAT = "dwarf-with-dsym";
				ENABLE_NS_ASSERTIONS = NO;
				ENABLE_STRICT_OBJC_MSGSEND = YES;
				GCC_C_LANGUAGE_STANDARD = gnu11;
				GCC_NO_COMMON_BLOCKS = YES;
				GCC_WARN_64_TO_32_BIT_CONVERSION = YES;
				GCC_WARN_ABOUT_RETURN_TYPE = YES_ERROR;
				GCC_WARN_UNDECLARED_SELECTOR = YES;
				GCC_WARN_UNINITIALIZED_AUTOS = YES_AGGRESSIVE;
				GCC_WARN_UNUSED_FUNCTION = YES;
				GCC_WARN_UNUSED_VARIABLE = YES;
				MACOSX_DEPLOYMENT_TARGET = 10.15;
				MTL_ENABLE_DEBUG_INFO = NO;
				MTL_FAST_MATH = YES;
				SDKROOT = macosx;
				SWIFT_COMPILATION_MODE = wholemodule;
				SWIFT_OPTIMIZATION_LEVEL = "-O";
			};
			name = Release;
		};
		DB148A8025B7CC7700E1F19F /* Debug */ = {
			isa = XCBuildConfiguration;
			buildSettings = {
				ASSETCATALOG_COMPILER_APPICON_NAME = AppIcon;
				ASSETCATALOG_COMPILER_GLOBAL_ACCENT_COLOR_NAME = AccentColor;
				CODE_SIGN_ENTITLEMENTS = macappsbblinker/macappsbblinker.entitlements;
				CODE_SIGN_STYLE = Automatic;
				COMBINE_HIDPI_IMAGES = YES;
				INFOPLIST_FILE = macappsbblinker/Info.plist;
				LD_RUNPATH_SEARCH_PATHS = (
					"$(inherited)",
					"@executable_path/../Frameworks",
				);
				PRODUCT_BUNDLE_IDENTIFIER = com.coachcarr.macappsbblinker.macappsbblinker;
				PRODUCT_NAME = "$(TARGET_NAME)";
				SWIFT_VERSION = 5.0;
			};
			name = Debug;
		};
		DB148A8125B7CC7700E1F19F /* Release */ = {
			isa = XCBuildConfiguration;
			buildSettings = {
				ASSETCATALOG_COMPILER_APPICON_NAME = AppIcon;
				ASSETCATALOG_COMPILER_GLOBAL_ACCENT_COLOR_NAME = AccentColor;
				CODE_SIGN_ENTITLEMENTS = macappsbblinker/macappsbblinker.entitlements;
				CODE_SIGN_STYLE = Automatic;
				COMBINE_HIDPI_IMAGES = YES;
				INFOPLIST_FILE = macappsbblinker/Info.plist;
				LD_RUNPATH_SEARCH_PATHS = (
					"$(inherited)",
					"@executable_path/../Frameworks",
				);
				PRODUCT_BUNDLE_IDENTIFIER = com.coachcarr.macappsbblinker.macappsbblinker;
				PRODUCT_NAME = "$(TARGET_NAME)";
				SWIFT_VERSION = 5.0;
			};
			name = Release;
		};
		DB148A8325B7CC7700E1F19F /* Debug */ = {
			isa = XCBuildConfiguration;
			buildSettings = {
				ALWAYS_EMBED_SWIFT_STANDARD_LIBRARIES = YES;
				BUNDLE_LOADER = "$(TEST_HOST)";
				CODE_SIGN_STYLE = Automatic;
				COMBINE_HIDPI_IMAGES = YES;
				INFOPLIST_FILE = macappsbblinkerTests/Info.plist;
				LD_RUNPATH_SEARCH_PATHS = (
					"$(inherited)",
					"@executable_path/../Frameworks",
					"@loader_path/../Frameworks",
				);
				MACOSX_DEPLOYMENT_TARGET = 10.15;
				PRODUCT_BUNDLE_IDENTIFIER = com.coachcarr.macappsbblinker.macappsbblinkerTests;
				PRODUCT_NAME = "$(TARGET_NAME)";
				SWIFT_VERSION = 5.0;
				TEST_HOST = "$(BUILT_PRODUCTS_DIR)/macappsbblinker.app/Contents/MacOS/macappsbblinker";
			};
			name = Debug;
		};
		DB148A8425B7CC7700E1F19F /* Release */ = {
			isa = XCBuildConfiguration;
			buildSettings = {
				ALWAYS_EMBED_SWIFT_STANDARD_LIBRARIES = YES;
				BUNDLE_LOADER = "$(TEST_HOST)";
				CODE_SIGN_STYLE = Automatic;
				COMBINE_HIDPI_IMAGES = YES;
				INFOPLIST_FILE = macappsbblinkerTests/Info.plist;
				LD_RUNPATH_SEARCH_PATHS = (
					"$(inherited)",
					"@executable_path/../Frameworks",
					"@loader_path/../Frameworks",
				);
				MACOSX_DEPLOYMENT_TARGET = 10.15;
				PRODUCT_BUNDLE_IDENTIFIER = com.coachcarr.macappsbblinker.macappsbblinkerTests;
				PRODUCT_NAME = "$(TARGET_NAME)";
				SWIFT_VERSION = 5.0;
				TEST_HOST = "$(BUILT_PRODUCTS_DIR)/macappsbblinker.app/Contents/MacOS/macappsbblinker";
			};
			name = Release;
		};
		DB148A8625B7CC7700E1F19F /* Debug */ = {
			isa = XCBuildConfiguration;
			buildSettings = {
				ALWAYS_EMBED_SWIFT_STANDARD_LIBRARIES = YES;
				CODE_SIGN_STYLE = Automatic;
				COMBINE_HIDPI_IMAGES = YES;
				INFOPLIST_FILE = macappsbblinkerUITests/Info.plist;
				LD_RUNPATH_SEARCH_PATHS = (
					"$(inherited)",
					"@executable_path/../Frameworks",
					"@loader_path/../Frameworks",
				);
				PRODUCT_BUNDLE_IDENTIFIER = com.coachcarr.macappsbblinker.macappsbblinkerUITests;
				PRODUCT_NAME = "$(TARGET_NAME)";
				SWIFT_VERSION = 5.0;
				TEST_TARGET_NAME = macappsbblinker;
			};
			name = Debug;
		};
		DB148A8725B7CC7700E1F19F /* Release */ = {
			isa = XCBuildConfiguration;
			buildSettings = {
				ALWAYS_EMBED_SWIFT_STANDARD_LIBRARIES = YES;
				CODE_SIGN_STYLE = Automatic;
				COMBINE_HIDPI_IMAGES = YES;
				INFOPLIST_FILE = macappsbblinkerUITests/Info.plist;
				LD_RUNPATH_SEARCH_PATHS = (
					"$(inherited)",
					"@executable_path/../Frameworks",
					"@loader_path/../Frameworks",
				);
				PRODUCT_BUNDLE_IDENTIFIER = com.coachcarr.macappsbblinker.macappsbblinkerUITests;
				PRODUCT_NAME = "$(TARGET_NAME)";
				SWIFT_VERSION = 5.0;
				TEST_TARGET_NAME = macappsbblinker;
			};
			name = Release;
		};
/* End XCBuildConfiguration section */

/* Begin XCConfigurationList section */
		DB148A5425B7CC7600E1F19F /* Build configuration list for PBXProject "macappsbblinker" */ = {
			isa = XCConfigurationList;
			buildConfigurations = (
				DB148A7D25B7CC7700E1F19F /* Debug */,
				DB148A7E25B7CC7700E1F19F /* Release */,
			);
			defaultConfigurationIsVisible = 0;
			defaultConfigurationName = Release;
		};
		DB148A7F25B7CC7700E1F19F /* Build configuration list for PBXNativeTarget "macappsbblinker" */ = {
			isa = XCConfigurationList;
			buildConfigurations = (
				DB148A8025B7CC7700E1F19F /* Debug */,
				DB148A8125B7CC7700E1F19F /* Release */,
			);
			defaultConfigurationIsVisible = 0;
			defaultConfigurationName = Release;
		};
		DB148A8225B7CC7700E1F19F /* Build configuration list for PBXNativeTarget "macappsbblinkerTests" */ = {
			isa = XCConfigurationList;
			buildConfigurations = (
				DB148A8325B7CC7700E1F19F /* Debug */,
				DB148A8425B7CC7700E1F19F /* Release */,
			);
			defaultConfigurationIsVisible = 0;
			defaultConfigurationName = Release;
		};
		DB148A8525B7CC7700E1F19F /* Build configuration list for PBXNativeTarget "macappsbblinkerUITests" */ = {
			isa = XCConfigurationList;
			buildConfigurations = (
				DB148A8625B7CC7700E1F19F /* Debug */,
				DB148A8725B7CC7700E1F19F /* Release */,
			);
			defaultConfigurationIsVisible = 0;
			defaultConfigurationName = Release;
		};
/* End XCConfigurationList section */
	};
	rootObject = DB148A5125B7CC7600E1F19F /* Project object */;
}
